
Microsoft Visual Studio Solution File, Format Version 12.00
# Visual Studio Version 17
VisualStudioVersion = 17.3.32922.545
MinimumVisualStudioVersion = 10.0.40219.1
Project("{FAE04EC0-301F-11D3-BF4B-00C04F79EFBC}") = "Ekzamen_MasluckES_PR-419K_Bilet№19", "Ekzamen_MasluckES_PR-419K_Bilet№19\Ekzamen_MasluckES_PR-419K_Bilet№19.csproj", "{58C8BC77-3B37-456D-92A5-888CBA2A15BC}"
EndProject
Global
	GlobalSection(SolutionConfigurationPlatforms) = preSolution
		Debug|Any CPU = Debug|Any CPU
		Release|Any CPU = Release|Any CPU
	EndGlobalSection
	GlobalSection(ProjectConfigurationPlatforms) = postSolution
		{58C8BC77-3B37-456D-92A5-888CBA2A15BC}.Debug|Any CPU.ActiveCfg = Debug|Any CPU
		{58C8BC77-3B37-456D-92A5-888CBA2A15BC}.Debug|Any CPU.Build.0 = Debug|Any CPU
		{58C8BC77-3B37-456D-92A5-888CBA2A15BC}.Release|Any CPU.ActiveCfg = Release|Any CPU
		{58C8BC77-3B37-456D-92A5-888CBA2A15BC}.Release|Any CPU.Build.0 = Release|Any CPU
	EndGlobalSection
	GlobalSection(SolutionProperties) = preSolution
		HideSolutionNode = FALSE
	EndGlobalSection
	GlobalSection(ExtensibilityGlobals) = postSolution
		SolutionGuid = {5317BEA7-5491-4A77-8315-202FD9857992}
	EndGlobalSection
EndGlobal
